// !$*UTF8*$!
{
	archiveVersion = 1;
	classes = {
	};
	objectVersion = 55;
	objects = {

/* Begin PBXBuildFile section */
		7B4AB1B728A8F06500E05FAC /* Country+CoreDataClass.swift in Sources */ = {isa = PBXBuildFile; fileRef = 7B4AB1B328A8F06500E05FAC /* Country+CoreDataClass.swift */; };
		7B4AB1B828A8F06500E05FAC /* Country+CoreDataProperties.swift in Sources */ = {isa = PBXBuildFile; fileRef = 7B4AB1B428A8F06500E05FAC /* Country+CoreDataProperties.swift */; };
		7B4AB1B928A8F06500E05FAC /* Candy+CoreDataClass.swift in Sources */ = {isa = PBXBuildFile; fileRef = 7B4AB1B528A8F06500E05FAC /* Candy+CoreDataClass.swift */; };
		7B4AB1BA28A8F06500E05FAC /* Candy+CoreDataProperties.swift in Sources */ = {isa = PBXBuildFile; fileRef = 7B4AB1B628A8F06500E05FAC /* Candy+CoreDataProperties.swift */; };
		7B4C675B28A8D13D00D540E8 /* Singer+CoreDataClass.swift in Sources */ = {isa = PBXBuildFile; fileRef = 7B4C675928A8D13D00D540E8 /* Singer+CoreDataClass.swift */; };
		7B4C675C28A8D13D00D540E8 /* Singer+CoreDataProperties.swift in Sources */ = {isa = PBXBuildFile; fileRef = 7B4C675A28A8D13D00D540E8 /* Singer+CoreDataProperties.swift */; };
		7B4C675E28A8D67400D540E8 /* FilteredSingerListView.swift in Sources */ = {isa = PBXBuildFile; fileRef = 7B4C675D28A8D67300D540E8 /* FilteredSingerListView.swift */; };
		7B4C676028A8E3C600D540E8 /* GenericFilteredListView.swift in Sources */ = {isa = PBXBuildFile; fileRef = 7B4C675F28A8E3C600D540E8 /* GenericFilteredListView.swift */; };
		7B78C41328A7594600E331C6 /* CoreDataProjectApp.swift in Sources */ = {isa = PBXBuildFile; fileRef = 7B78C41228A7594600E331C6 /* CoreDataProjectApp.swift */; };
		7B78C41528A7594600E331C6 /* ContentView.swift in Sources */ = {isa = PBXBuildFile; fileRef = 7B78C41428A7594600E331C6 /* ContentView.swift */; };
		7B78C41728A7594700E331C6 /* Assets.xcassets in Resources */ = {isa = PBXBuildFile; fileRef = 7B78C41628A7594700E331C6 /* Assets.xcassets */; };
		7B78C41A28A7594700E331C6 /* Preview Assets.xcassets in Resources */ = {isa = PBXBuildFile; fileRef = 7B78C41928A7594700E331C6 /* Preview Assets.xcassets */; };
		7B78C42428A759C200E331C6 /* DataController.swift in Sources */ = {isa = PBXBuildFile; fileRef = 7B78C42328A759C200E331C6 /* DataController.swift */; };
		7B78C42728A75AD400E331C6 /* CoreDataProject.xcdatamodeld in Sources */ = {isa = PBXBuildFile; fileRef = 7B78C42528A75AD400E331C6 /* CoreDataProject.xcdatamodeld */; };
		7B78C42A28A7680600E331C6 /* Movie+CoreDataClass.swift in Sources */ = {isa = PBXBuildFile; fileRef = 7B78C42828A7680600E331C6 /* Movie+CoreDataClass.swift */; };
		7B78C42B28A7680600E331C6 /* Movie+CoreDataProperties.swift in Sources */ = {isa = PBXBuildFile; fileRef = 7B78C42928A7680600E331C6 /* Movie+CoreDataProperties.swift */; };
/* End PBXBuildFile section */

/* Begin PBXFileReference section */
		7B4AB1B328A8F06500E05FAC /* Country+CoreDataClass.swift */ = {isa = PBXFileReference; lastKnownFileType = sourcecode.swift; path = "Country+CoreDataClass.swift"; sourceTree = "<group>"; };
		7B4AB1B428A8F06500E05FAC /* Country+CoreDataProperties.swift */ = {isa = PBXFileReference; lastKnownFileType = sourcecode.swift; path = "Country+CoreDataProperties.swift"; sourceTree = "<group>"; };
		7B4AB1B528A8F06500E05FAC /* Candy+CoreDataClass.swift */ = {isa = PBXFileReference; lastKnownFileType = sourcecode.swift; path = "Candy+CoreDataClass.swift"; sourceTree = "<group>"; };
		7B4AB1B628A8F06500E05FAC /* Candy+CoreDataProperties.swift */ = {isa = PBXFileReference; lastKnownFileType = sourcecode.swift; path = "Candy+CoreDataProperties.swift"; sourceTree = "<group>"; };
		7B4C675928A8D13D00D540E8 /* Singer+CoreDataClass.swift */ = {isa = PBXFileReference; lastKnownFileType = sourcecode.swift; path = "Singer+CoreDataClass.swift"; sourceTree = "<group>"; };
		7B4C675A28A8D13D00D540E8 /* Singer+CoreDataProperties.swift */ = {isa = PBXFileReference; lastKnownFileType = sourcecode.swift; path = "Singer+CoreDataProperties.swift"; sourceTree = "<group>"; };
		7B4C675D28A8D67300D540E8 /* FilteredSingerListView.swift */ = {isa = PBXFileReference; lastKnownFileType = sourcecode.swift; path = FilteredSingerListView.swift; sourceTree = "<group>"; };
		7B4C675F28A8E3C600D540E8 /* GenericFilteredListView.swift */ = {isa = PBXFileReference; lastKnownFileType = sourcecode.swift; path = GenericFilteredListView.swift; sourceTree = "<group>"; };
		7B78C40F28A7594600E331C6 /* CoreDataProject.app */ = {isa = PBXFileReference; explicitFileType = wrapper.application; includeInIndex = 0; path = CoreDataProject.app; sourceTree = BUILT_PRODUCTS_DIR; };
		7B78C41228A7594600E331C6 /* CoreDataProjectApp.swift */ = {isa = PBXFileReference; lastKnownFileType = sourcecode.swift; path = CoreDataProjectApp.swift; sourceTree = "<group>"; };
		7B78C41428A7594600E331C6 /* ContentView.swift */ = {isa = PBXFileReference; lastKnownFileType = sourcecode.swift; path = ContentView.swift; sourceTree = "<group>"; };
		7B78C41628A7594700E331C6 /* Assets.xcassets */ = {isa = PBXFileReference; lastKnownFileType = folder.assetcatalog; path = Assets.xcassets; sourceTree = "<group>"; };
		7B78C41928A7594700E331C6 /* Preview Assets.xcassets */ = {isa = PBXFileReference; lastKnownFileType = folder.assetcatalog; path = "Preview Assets.xcassets"; sourceTree = "<group>"; };
		7B78C42328A759C200E331C6 /* DataController.swift */ = {isa = PBXFileReference; lastKnownFileType = sourcecode.swift; path = DataController.swift; sourceTree = "<group>"; };
		7B78C42628A75AD400E331C6 /* CoreDataProject.xcdatamodel */ = {isa = PBXFileReference; lastKnownFileType = wrapper.xcdatamodel; path = CoreDataProject.xcdatamodel; sourceTree = "<group>"; };
		7B78C42828A7680600E331C6 /* Movie+CoreDataClass.swift */ = {isa = PBXFileReference; lastKnownFileType = sourcecode.swift; path = "Movie+CoreDataClass.swift"; sourceTree = "<group>"; };
		7B78C42928A7680600E331C6 /* Movie+CoreDataProperties.swift */ = {isa = PBXFileReference; lastKnownFileType = sourcecode.swift; path = "Movie+CoreDataProperties.swift"; sourceTree = "<group>"; };
/* End PBXFileReference section */

/* Begin PBXFrameworksBuildPhase section */
		7B78C40C28A7594600E331C6 /* Frameworks */ = {
			isa = PBXFrameworksBuildPhase;
			buildActionMask = 2147483647;
			files = (
			);
			runOnlyForDeploymentPostprocessing = 0;
		};
/* End PBXFrameworksBuildPhase section */

/* Begin PBXGroup section */
		7B78C40628A7594600E331C6 = {
			isa = PBXGroup;
			children = (
				7B78C41128A7594600E331C6 /* CoreDataProject */,
				7B78C41028A7594600E331C6 /* Products */,
			);
			sourceTree = "<group>";
		};
		7B78C41028A7594600E331C6 /* Products */ = {
			isa = PBXGroup;
			children = (
				7B78C40F28A7594600E331C6 /* CoreDataProject.app */,
			);
			name = Products;
			sourceTree = "<group>";
		};
		7B78C41128A7594600E331C6 /* CoreDataProject */ = {
			isa = PBXGroup;
			children = (
				7B78C41228A7594600E331C6 /* CoreDataProjectApp.swift */,
				7B78C41428A7594600E331C6 /* ContentView.swift */,
				7B4C675D28A8D67300D540E8 /* FilteredSingerListView.swift */,
				7B4C675F28A8E3C600D540E8 /* GenericFilteredListView.swift */,
				7B78C42328A759C200E331C6 /* DataController.swift */,
				7B78C42828A7680600E331C6 /* Movie+CoreDataClass.swift */,
				7B78C42928A7680600E331C6 /* Movie+CoreDataProperties.swift */,
				7B4C675928A8D13D00D540E8 /* Singer+CoreDataClass.swift */,
				7B4C675A28A8D13D00D540E8 /* Singer+CoreDataProperties.swift */,
				7B4AB1B328A8F06500E05FAC /* Country+CoreDataClass.swift */,
				7B4AB1B428A8F06500E05FAC /* Country+CoreDataProperties.swift */,
				7B4AB1B528A8F06500E05FAC /* Candy+CoreDataClass.swift */,
				7B4AB1B628A8F06500E05FAC /* Candy+CoreDataProperties.swift */,
				7B78C42528A75AD400E331C6 /* CoreDataProject.xcdatamodeld */,
				7B78C41628A7594700E331C6 /* Assets.xcassets */,
				7B78C41828A7594700E331C6 /* Preview Content */,
			);
			path = CoreDataProject;
			sourceTree = "<group>";
		};
		7B78C41828A7594700E331C6 /* Preview Content */ = {
			isa = PBXGroup;
			children = (
				7B78C41928A7594700E331C6 /* Preview Assets.xcassets */,
			);
			path = "Preview Content";
			sourceTree = "<group>";
		};
/* End PBXGroup section */

/* Begin PBXNativeTarget section */
		7B78C40E28A7594600E331C6 /* CoreDataProject */ = {
			isa = PBXNativeTarget;
			buildConfigurationList = 7B78C41D28A7594700E331C6 /* Build configuration list for PBXNativeTarget "CoreDataProject" */;
			buildPhases = (
				7B78C40B28A7594600E331C6 /* Sources */,
				7B78C40C28A7594600E331C6 /* Frameworks */,
				7B78C40D28A7594600E331C6 /* Resources */,
			);
			buildRules = (
			);
			dependencies = (
			);
			name = CoreDataProject;
			productName = CoreDataProject;
			productReference = 7B78C40F28A7594600E331C6 /* CoreDataProject.app */;
			productType = "com.apple.product-type.application";
		};
/* End PBXNativeTarget section */

/* Begin PBXProject section */
		7B78C40728A7594600E331C6 /* Project object */ = {
			isa = PBXProject;
			attributes = {
				BuildIndependentTargetsInParallel = 1;
				LastSwiftUpdateCheck = 1340;
				LastUpgradeCheck = 1340;
				TargetAttributes = {
					7B78C40E28A7594600E331C6 = {
						CreatedOnToolsVersion = 13.4.1;
					};
				};
			};
			buildConfigurationList = 7B78C40A28A7594600E331C6 /* Build configuration list for PBXProject "CoreDataProject" */;
			compatibilityVersion = "Xcode 13.0";
			developmentRegion = en;
			hasScannedForEncodings = 0;
			knownRegions = (
				en,
				Base,
			);
			mainGroup = 7B78C40628A7594600E331C6;
			productRefGroup = 7B78C41028A7594600E331C6 /* Products */;
			projectDirPath = "";
			projectRoot = "";
			targets = (
				7B78C40E28A7594600E331C6 /* CoreDataProject */,
			);
		};
/* End PBXProject section */

/* Begin PBXResourcesBuildPhase section */
		7B78C40D28A7594600E331C6 /* Resources */ = {
			isa = PBXResourcesBuildPhase;
			buildActionMask = 2147483647;
			files = (
				7B78C41A28A7594700E331C6 /* Preview Assets.xcassets in Resources */,
				7B78C41728A7594700E331C6 /* Assets.xcassets in Resources */,
			);
			runOnlyForDeploymentPostprocessing = 0;
		};
/* End PBXResourcesBuildPhase section */

/* Begin PBXSourcesBuildPhase section */
		7B78C40B28A7594600E331C6 /* Sources */ = {
			isa = PBXSourcesBuildPhase;
			buildActionMask = 2147483647;
			files = (
				7B4C675B28A8D13D00D540E8 /* Singer+CoreDataClass.swift in Sources */,
				7B78C41528A7594600E331C6 /* ContentView.swift in Sources */,
				7B4C676028A8E3C600D540E8 /* GenericFilteredListView.swift in Sources */,
				7B78C42428A759C200E331C6 /* DataController.swift in Sources */,
				7B4AB1B728A8F06500E05FAC /* Country+CoreDataClass.swift in Sources */,
				7B78C42728A75AD400E331C6 /* CoreDataProject.xcdatamodeld in Sources */,
				7B4C675E28A8D67400D540E8 /* FilteredSingerListView.swift in Sources */,
				7B4AB1B928A8F06500E05FAC /* Candy+CoreDataClass.swift in Sources */,
				7B78C42A28A7680600E331C6 /* Movie+CoreDataClass.swift in Sources */,
				7B4AB1B828A8F06500E05FAC /* Country+CoreDataProperties.swift in Sources */,
				7B4C675C28A8D13D00D540E8 /* Singer+CoreDataProperties.swift in Sources */,
				7B4AB1BA28A8F06500E05FAC /* Candy+CoreDataProperties.swift in Sources */,
				7B78C42B28A7680600E331C6 /* Movie+CoreDataProperties.swift in Sources */,
				7B78C41328A7594600E331C6 /* CoreDataProjectApp.swift in Sources */,
			);
			runOnlyForDeploymentPostprocessing = 0;
		};
/* End PBXSourcesBuildPhase section */

/* Begin XCBuildConfiguration section */
		7B78C41B28A7594700E331C6 /* Debug */ = {
			isa = XCBuildConfiguration;
			buildSettings = {
				ALWAYS_SEARCH_USER_PATHS = NO;
				CLANG_ANALYZER_NONNULL = YES;
				CLANG_ANALYZER_NUMBER_OBJECT_CONVERSION = YES_AGGRESSIVE;
				CLANG_CXX_LANGUAGE_STANDARD = "gnu++17";
				CLANG_ENABLE_MODULES = YES;
				CLANG_ENABLE_OBJC_ARC = YES;
				CLANG_ENABLE_OBJC_WEAK = YES;
				CLANG_WARN_BLOCK_CAPTURE_AUTORELEASING = YES;
				CLANG_WARN_BOOL_CONVERSION = YES;
				CLANG_WARN_COMMA = YES;
				CLANG_WARN_CONSTANT_CONVERSION = YES;
				CLANG_WARN_DEPRECATED_OBJC_IMPLEMENTATIONS = YES;
				CLANG_WARN_DIRECT_OBJC_ISA_USAGE = YES_ERROR;
				CLANG_WARN_DOCUMENTATION_COMMENTS = YES;
				CLANG_WARN_EMPTY_BODY = YES;
				CLANG_WARN_ENUM_CONVERSION = YES;
				CLANG_WARN_INFINITE_RECURSION = YES;
				CLANG_WARN_INT_CONVERSION = YES;
				CLANG_WARN_NON_LITERAL_NULL_CONVERSION = YES;
				CLANG_WARN_OBJC_IMPLICIT_RETAIN_SELF = YES;
				CLANG_WARN_OBJC_LITERAL_CONVERSION = YES;
				CLANG_WARN_OBJC_ROOT_CLASS = YES_ERROR;
				CLANG_WARN_QUOTED_INCLUDE_IN_FRAMEWORK_HEADER = YES;
				CLANG_WARN_RANGE_LOOP_ANALYSIS = YES;
				CLANG_WARN_STRICT_PROTOTYPES = YES;
				CLANG_WARN_SUSPICIOUS_MOVE = YES;
				CLANG_WARN_UNGUARDED_AVAILABILITY = YES_AGGRESSIVE;
				CLANG_WARN_UNREACHABLE_CODE = YES;
				CLANG_WARN__DUPLICATE_METHOD_MATCH = YES;
				COPY_PHASE_STRIP = NO;
				DEBUG_INFORMATION_FORMAT = dwarf;
				ENABLE_STRICT_OBJC_MSGSEND = YES;
				ENABLE_TESTABILITY = YES;
				GCC_C_LANGUAGE_STANDARD = gnu11;
				GCC_DYNAMIC_NO_PIC = NO;
				GCC_NO_COMMON_BLOCKS = YES;
				GCC_OPTIMIZATION_LEVEL = 0;
				GCC_PREPROCESSOR_DEFINITIONS = (
					"DEBUG=1",
					"$(inherited)",
				);
				GCC_WARN_64_TO_32_BIT_CONVERSION = YES;
				GCC_WARN_ABOUT_RETURN_TYPE = YES_ERROR;
				GCC_WARN_UNDECLARED_SELECTOR = YES;
				GCC_WARN_UNINITIALIZED_AUTOS = YES_AGGRESSIVE;
				GCC_WARN_UNUSED_FUNCTION = YES;
				GCC_WARN_UNUSED_VARIABLE = YES;
				IPHONEOS_DEPLOYMENT_TARGET = 15.5;
				MTL_ENABLE_DEBUG_INFO = INCLUDE_SOURCE;
				MTL_FAST_MATH = YES;
				ONLY_ACTIVE_ARCH = YES;
				SDKROOT = iphoneos;
				SWIFT_ACTIVE_COMPILATION_CONDITIONS = DEBUG;
				SWIFT_OPTIMIZATION_LEVEL = "-Onone";
			};
			name = Debug;
		};
		7B78C41C28A7594700E331C6 /* Release */ = {
			isa = XCBuildConfiguration;
			buildSettings = {
				ALWAYS_SEARCH_USER_PATHS = NO;
				CLANG_ANALYZER_NONNULL = YES;
				CLANG_ANALYZER_NUMBER_OBJECT_CONVERSION = YES_AGGRESSIVE;
				CLANG_CXX_LANGUAGE_STANDARD = "gnu++17";
				CLANG_ENABLE_MODULES = YES;
				CLANG_ENABLE_OBJC_ARC = YES;
				CLANG_ENABLE_OBJC_WEAK = YES;
				CLANG_WARN_BLOCK_CAPTURE_AUTORELEASING = YES;
				CLANG_WARN_BOOL_CONVERSION = YES;
				CLANG_WARN_COMMA = YES;
				CLANG_WARN_CONSTANT_CONVERSION = YES;
				CLANG_WARN_DEPRECATED_OBJC_IMPLEMENTATIONS = YES;
				CLANG_WARN_DIRECT_OBJC_ISA_USAGE = YES_ERROR;
				CLANG_WARN_DOCUMENTATION_COMMENTS = YES;
				CLANG_WARN_EMPTY_BODY = YES;
				CLANG_WARN_ENUM_CONVERSION = YES;
				CLANG_WARN_INFINITE_RECURSION = YES;
				CLANG_WARN_INT_CONVERSION = YES;
				CLANG_WARN_NON_LITERAL_NULL_CONVERSION = YES;
				CLANG_WARN_OBJC_IMPLICIT_RETAIN_SELF = YES;
				CLANG_WARN_OBJC_LITERAL_CONVERSION = YES;
				CLANG_WARN_OBJC_ROOT_CLASS = YES_ERROR;
				CLANG_WARN_QUOTED_INCLUDE_IN_FRAMEWORK_HEADER = YES;
				CLANG_WARN_RANGE_LOOP_ANALYSIS = YES;
				CLANG_WARN_STRICT_PROTOTYPES = YES;
				CLANG_WARN_SUSPICIOUS_MOVE = YES;
				CLANG_WARN_UNGUARDED_AVAILABILITY = YES_AGGRESSIVE;
				CLANG_WARN_UNREACHABLE_CODE = YES;
				CLANG_WARN__DUPLICATE_METHOD_MATCH = YES;
				COPY_PHASE_STRIP = NO;
				DEBUG_INFORMATION_FORMAT = "dwarf-with-dsym";
				ENABLE_NS_ASSERTIONS = NO;
				ENABLE_STRICT_OBJC_MSGSEND = YES;
				GCC_C_LANGUAGE_STANDARD = gnu11;
				GCC_NO_COMMON_BLOCKS = YES;
				GCC_WARN_64_TO_32_BIT_CONVERSION = YES;
				GCC_WARN_ABOUT_RETURN_TYPE = YES_ERROR;
				GCC_WARN_UNDECLARED_SELECTOR = YES;
				GCC_WARN_UNINITIALIZED_AUTOS = YES_AGGRESSIVE;
				GCC_WARN_UNUSED_FUNCTION = YES;
				GCC_WARN_UNUSED_VARIABLE = YES;
				IPHONEOS_DEPLOYMENT_TARGET = 15.5;
				MTL_ENABLE_DEBUG_INFO = NO;
				MTL_FAST_MATH = YES;
				SDKROOT = iphoneos;
				SWIFT_COMPILATION_MODE = wholemodule;
				SWIFT_OPTIMIZATION_LEVEL = "-O";
				VALIDATE_PRODUCT = YES;
			};
			name = Release;
		};
		7B78C41E28A7594700E331C6 /* Debug */ = {
			isa = XCBuildConfiguration;
			buildSettings = {
				ASSETCATALOG_COMPILER_APPICON_NAME = AppIcon;
				ASSETCATALOG_COMPILER_GLOBAL_ACCENT_COLOR_NAME = AccentColor;
				CODE_SIGN_STYLE = Automatic;
				CURRENT_PROJECT_VERSION = 1;
				DEVELOPMENT_ASSET_PATHS = "\"CoreDataProject/Preview Content\"";
				DEVELOPMENT_TEAM = 2F5N2ZP6G6;
				ENABLE_PREVIEWS = YES;
				GENERATE_INFOPLIST_FILE = YES;
				INFOPLIST_KEY_UIApplicationSceneManifest_Generation = YES;
				INFOPLIST_KEY_UIApplicationSupportsIndirectInputEvents = YES;
				INFOPLIST_KEY_UILaunchScreen_Generation = YES;
				INFOPLIST_KEY_UISupportedInterfaceOrientations_iPad = "UIInterfaceOrientationPortrait UIInterfaceOrientationPortraitUpsideDown UIInterfaceOrientationLandscapeLeft UIInterfaceOrientationLandscapeRight";
				INFOPLIST_KEY_UISupportedInterfaceOrientations_iPhone = "UIInterfaceOrientationPortrait UIInterfaceOrientationLandscapeLeft UIInterfaceOrientationLandscapeRight";
				IPHONEOS_DEPLOYMENT_TARGET = 15.0;
				LD_RUNPATH_SEARCH_PATHS = (
					"$(inherited)",
					"@executable_path/Frameworks",
				);
				MARKETING_VERSION = 1.0;
				PRODUCT_BUNDLE_IDENTIFIER = com.dpaulandri.CoreDataProject;
				PRODUCT_NAME = "$(TARGET_NAME)";
				SWIFT_EMIT_LOC_STRINGS = YES;
				SWIFT_VERSION = 5.0;
				TARGETED_DEVICE_FAMILY = "1,2";
			};
			name = Debug;
		};
		7B78C41F28A7594700E331C6 /* Release */ = {
			isa = XCBuildConfiguration;
			buildSettings = {
				ASSETCATALOG_COMPILER_APPICON_NAME = AppIcon;
				ASSETCATALOG_COMPILER_GLOBAL_ACCENT_COLOR_NAME = AccentColor;
				CODE_SIGN_STYLE = Automatic;
				CURRENT_PROJECT_VERSION = 1;
				DEVELOPMENT_ASSET_PATHS = "\"CoreDataProject/Preview Content\"";
				DEVELOPMENT_TEAM = 2F5N2ZP6G6;
				ENABLE_PREVIEWS = YES;
				GENERATE_INFOPLIST_FILE = YES;
				INFOPLIST_KEY_UIApplicationSceneManifest_Generation = YES;
				INFOPLIST_KEY_UIApplicationSupportsIndirectInputEvents = YES;
				INFOPLIST_KEY_UILaunchScreen_Generation = YES;
				INFOPLIST_KEY_UISupportedInterfaceOrientations_iPad = "UIInterfaceOrientationPortrait UIInterfaceOrientationPortraitUpsideDown UIInterfaceOrientationLandscapeLeft UIInterfaceOrientationLandscapeRight";
				INFOPLIST_KEY_UISupportedInterfaceOrientations_iPhone = "UIInterfaceOrientationPortrait UIInterfaceOrientationLandscapeLeft UIInterfaceOrientationLandscapeRight";
				IPHONEOS_DEPLOYMENT_TARGET = 15.0;
				LD_RUNPATH_SEARCH_PATHS = (
					"$(inherited)",
					"@executable_path/Frameworks",
				);
				MARKETING_VERSION = 1.0;
				PRODUCT_BUNDLE_IDENTIFIER = com.dpaulandri.CoreDataProject;
				PRODUCT_NAME = "$(TARGET_NAME)";
				SWIFT_EMIT_LOC_STRINGS = YES;
				SWIFT_VERSION = 5.0;
				TARGETED_DEVICE_FAMILY = "1,2";
			};
			name = Release;
		};
/* End XCBuildConfiguration section */

/* Begin XCConfigurationList section */
		7B78C40A28A7594600E331C6 /* Build configuration list for PBXProject "CoreDataProject" */ = {
			isa = XCConfigurationList;
			buildConfigurations = (
				7B78C41B28A7594700E331C6 /* Debug */,
				7B78C41C28A7594700E331C6 /* Release */,
			);
			defaultConfigurationIsVisible = 0;
			defaultConfigurationName = Release;
		};
		7B78C41D28A7594700E331C6 /* Build configuration list for PBXNativeTarget "CoreDataProject" */ = {
			isa = XCConfigurationList;
			buildConfigurations = (
				7B78C41E28A7594700E331C6 /* Debug */,
				7B78C41F28A7594700E331C6 /* Release */,
			);
			defaultConfigurationIsVisible = 0;
			defaultConfigurationName = Release;
		};
/* End XCConfigurationList section */

/* Begin XCVersionGroup section */
		7B78C42528A75AD400E331C6 /* CoreDataProject.xcdatamodeld */ = {
			isa = XCVersionGroup;
			children = (
				7B78C42628A75AD400E331C6 /* CoreDataProject.xcdatamodel */,
			);
			currentVersion = 7B78C42628A75AD400E331C6 /* CoreDataProject.xcdatamodel */;
			path = CoreDataProject.xcdatamodeld;
			sourceTree = "<group>";
			versionGroupType = wrapper.xcdatamodel;
		};
/* End XCVersionGroup section */
	};
	rootObject = 7B78C40728A7594600E331C6 /* Project object */;
}
