// !$*UTF8*$!
{
	archiveVersion = 1;
	classes = {
	};
	objectVersion = 56;
	objects = {

/* Begin PBXBuildFile section */
		7BB056A5290FBFFD00162AF7 /* Facility.swift in Sources */ = {isa = PBXBuildFile; fileRef = 7BB056A4290FBFFD00162AF7 /* Facility.swift */; };
		7BB056A7290FCDC500162AF7 /* Favorites.swift in Sources */ = {isa = PBXBuildFile; fileRef = 7BB056A6290FCDC500162AF7 /* Favorites.swift */; };
		7BEF6D1A290A7AE500EEB2D1 /* Preview Assets.xcassets in Resources */ = {isa = PBXBuildFile; fileRef = 7BEF6D19290A7AE500EEB2D1 /* Preview Assets.xcassets */; };
		7BEF6D21290A7B2D00EEB2D1 /* Assets.xcassets in Resources */ = {isa = PBXBuildFile; fileRef = 7BEF6D20290A7B2C00EEB2D1 /* Assets.xcassets */; };
		7BEF6D2D290A7BE100EEB2D1 /* SnowSeekerApp.swift in Sources */ = {isa = PBXBuildFile; fileRef = 7BEF6D22290A7BDF00EEB2D1 /* SnowSeekerApp.swift */; };
		7BEF6D2E290A7BE100EEB2D1 /* resorts.json in Resources */ = {isa = PBXBuildFile; fileRef = 7BEF6D24290A7BDF00EEB2D1 /* resorts.json */; };
		7BEF6D2F290A7BE100EEB2D1 /* Resort.swift in Sources */ = {isa = PBXBuildFile; fileRef = 7BEF6D25290A7BDF00EEB2D1 /* Resort.swift */; };
		7BEF6D30290A7BE100EEB2D1 /* View.swift in Sources */ = {isa = PBXBuildFile; fileRef = 7BEF6D27290A7BE000EEB2D1 /* View.swift */; };
		7BEF6D31290A7BE100EEB2D1 /* Bundle-Decodable.swift in Sources */ = {isa = PBXBuildFile; fileRef = 7BEF6D28290A7BE000EEB2D1 /* Bundle-Decodable.swift */; };
		7BEF6D32290A7BE100EEB2D1 /* ResortView.swift in Sources */ = {isa = PBXBuildFile; fileRef = 7BEF6D2A290A7BE000EEB2D1 /* ResortView.swift */; };
		7BEF6D33290A7BE100EEB2D1 /* WelcomeView.swift in Sources */ = {isa = PBXBuildFile; fileRef = 7BEF6D2B290A7BE000EEB2D1 /* WelcomeView.swift */; };
		7BEF6D34290A7BE100EEB2D1 /* ContentView.swift in Sources */ = {isa = PBXBuildFile; fileRef = 7BEF6D2C290A7BE000EEB2D1 /* ContentView.swift */; };
		7BEF6D36290A7F3F00EEB2D1 /* SkiDetailsView.swift in Sources */ = {isa = PBXBuildFile; fileRef = 7BEF6D35290A7F3F00EEB2D1 /* SkiDetailsView.swift */; };
		7BEF6D38290A801F00EEB2D1 /* ResortDetailsView.swift in Sources */ = {isa = PBXBuildFile; fileRef = 7BEF6D37290A801F00EEB2D1 /* ResortDetailsView.swift */; };
/* End PBXBuildFile section */

/* Begin PBXFileReference section */
		7BB056A4290FBFFD00162AF7 /* Facility.swift */ = {isa = PBXFileReference; lastKnownFileType = sourcecode.swift; name = Facility.swift; path = SnowSeeker/Model/Facility.swift; sourceTree = SOURCE_ROOT; };
		7BB056A6290FCDC500162AF7 /* Favorites.swift */ = {isa = PBXFileReference; lastKnownFileType = sourcecode.swift; name = Favorites.swift; path = SnowSeeker/Model/Favorites.swift; sourceTree = SOURCE_ROOT; };
		7BEF6D0F290A7ADD00EEB2D1 /* SnowSeeker.app */ = {isa = PBXFileReference; explicitFileType = wrapper.application; includeInIndex = 0; path = SnowSeeker.app; sourceTree = BUILT_PRODUCTS_DIR; };
		7BEF6D19290A7AE500EEB2D1 /* Preview Assets.xcassets */ = {isa = PBXFileReference; lastKnownFileType = folder.assetcatalog; path = "Preview Assets.xcassets"; sourceTree = "<group>"; };
		7BEF6D20290A7B2C00EEB2D1 /* Assets.xcassets */ = {isa = PBXFileReference; lastKnownFileType = folder.assetcatalog; path = Assets.xcassets; sourceTree = "<group>"; };
		7BEF6D22290A7BDF00EEB2D1 /* SnowSeekerApp.swift */ = {isa = PBXFileReference; fileEncoding = 4; lastKnownFileType = sourcecode.swift; path = SnowSeekerApp.swift; sourceTree = "<group>"; };
		7BEF6D24290A7BDF00EEB2D1 /* resorts.json */ = {isa = PBXFileReference; fileEncoding = 4; lastKnownFileType = text.json; path = resorts.json; sourceTree = "<group>"; };
		7BEF6D25290A7BDF00EEB2D1 /* Resort.swift */ = {isa = PBXFileReference; fileEncoding = 4; lastKnownFileType = sourcecode.swift; path = Resort.swift; sourceTree = "<group>"; };
		7BEF6D27290A7BE000EEB2D1 /* View.swift */ = {isa = PBXFileReference; fileEncoding = 4; lastKnownFileType = sourcecode.swift; path = View.swift; sourceTree = "<group>"; };
		7BEF6D28290A7BE000EEB2D1 /* Bundle-Decodable.swift */ = {isa = PBXFileReference; fileEncoding = 4; lastKnownFileType = sourcecode.swift; path = "Bundle-Decodable.swift"; sourceTree = "<group>"; };
		7BEF6D2A290A7BE000EEB2D1 /* ResortView.swift */ = {isa = PBXFileReference; fileEncoding = 4; lastKnownFileType = sourcecode.swift; path = ResortView.swift; sourceTree = "<group>"; };
		7BEF6D2B290A7BE000EEB2D1 /* WelcomeView.swift */ = {isa = PBXFileReference; fileEncoding = 4; lastKnownFileType = sourcecode.swift; path = WelcomeView.swift; sourceTree = "<group>"; };
		7BEF6D2C290A7BE000EEB2D1 /* ContentView.swift */ = {isa = PBXFileReference; fileEncoding = 4; lastKnownFileType = sourcecode.swift; path = ContentView.swift; sourceTree = "<group>"; };
		7BEF6D35290A7F3F00EEB2D1 /* SkiDetailsView.swift */ = {isa = PBXFileReference; lastKnownFileType = sourcecode.swift; path = SkiDetailsView.swift; sourceTree = "<group>"; };
		7BEF6D37290A801F00EEB2D1 /* ResortDetailsView.swift */ = {isa = PBXFileReference; lastKnownFileType = sourcecode.swift; path = ResortDetailsView.swift; sourceTree = "<group>"; };
/* End PBXFileReference section */

/* Begin PBXFrameworksBuildPhase section */
		7BEF6D0C290A7ADD00EEB2D1 /* Frameworks */ = {
			isa = PBXFrameworksBuildPhase;
			buildActionMask = 2147483647;
			files = (
			);
			runOnlyForDeploymentPostprocessing = 0;
		};
/* End PBXFrameworksBuildPhase section */

/* Begin PBXGroup section */
		7BEF6D06290A7ADD00EEB2D1 = {
			isa = PBXGroup;
			children = (
				7BEF6D11290A7ADD00EEB2D1 /* SnowSeeker */,
				7BEF6D10290A7ADD00EEB2D1 /* Products */,
			);
			sourceTree = "<group>";
		};
		7BEF6D10290A7ADD00EEB2D1 /* Products */ = {
			isa = PBXGroup;
			children = (
				7BEF6D0F290A7ADD00EEB2D1 /* SnowSeeker.app */,
			);
			name = Products;
			sourceTree = "<group>";
		};
		7BEF6D11290A7ADD00EEB2D1 /* SnowSeeker */ = {
			isa = PBXGroup;
			children = (
				7BEF6D22290A7BDF00EEB2D1 /* SnowSeekerApp.swift */,
				7BEF6D23290A7BDF00EEB2D1 /* Model */,
				7BEF6D29290A7BE000EEB2D1 /* View */,
				7BEF6D26290A7BE000EEB2D1 /* Extension */,
				7BEF6D20290A7B2C00EEB2D1 /* Assets.xcassets */,
				7BEF6D18290A7AE500EEB2D1 /* Preview Content */,
			);
			path = SnowSeeker;
			sourceTree = "<group>";
		};
		7BEF6D18290A7AE500EEB2D1 /* Preview Content */ = {
			isa = PBXGroup;
			children = (
				7BEF6D19290A7AE500EEB2D1 /* Preview Assets.xcassets */,
			);
			path = "Preview Content";
			sourceTree = "<group>";
		};
		7BEF6D23290A7BDF00EEB2D1 /* Model */ = {
			isa = PBXGroup;
			children = (
				7BEF6D24290A7BDF00EEB2D1 /* resorts.json */,
				7BEF6D25290A7BDF00EEB2D1 /* Resort.swift */,
				7BB056A4290FBFFD00162AF7 /* Facility.swift */,
				7BB056A6290FCDC500162AF7 /* Favorites.swift */,
			);
			path = Model;
			sourceTree = "<group>";
		};
		7BEF6D26290A7BE000EEB2D1 /* Extension */ = {
			isa = PBXGroup;
			children = (
				7BEF6D28290A7BE000EEB2D1 /* Bundle-Decodable.swift */,
				7BEF6D27290A7BE000EEB2D1 /* View.swift */,
			);
			path = Extension;
			sourceTree = "<group>";
		};
		7BEF6D29290A7BE000EEB2D1 /* View */ = {
			isa = PBXGroup;
			children = (
				7BEF6D2C290A7BE000EEB2D1 /* ContentView.swift */,
				7BEF6D2B290A7BE000EEB2D1 /* WelcomeView.swift */,
				7BEF6D2A290A7BE000EEB2D1 /* ResortView.swift */,
				7BEF6D37290A801F00EEB2D1 /* ResortDetailsView.swift */,
				7BEF6D35290A7F3F00EEB2D1 /* SkiDetailsView.swift */,
			);
			path = View;
			sourceTree = "<group>";
		};
/* End PBXGroup section */

/* Begin PBXNativeTarget section */
		7BEF6D0E290A7ADD00EEB2D1 /* SnowSeeker */ = {
			isa = PBXNativeTarget;
			buildConfigurationList = 7BEF6D1D290A7AE500EEB2D1 /* Build configuration list for PBXNativeTarget "SnowSeeker" */;
			buildPhases = (
				7BEF6D0B290A7ADD00EEB2D1 /* Sources */,
				7BEF6D0C290A7ADD00EEB2D1 /* Frameworks */,
				7BEF6D0D290A7ADD00EEB2D1 /* Resources */,
			);
			buildRules = (
			);
			dependencies = (
			);
			name = SnowSeeker;
			productName = SnowSeeker;
			productReference = 7BEF6D0F290A7ADD00EEB2D1 /* SnowSeeker.app */;
			productType = "com.apple.product-type.application";
		};
/* End PBXNativeTarget section */

/* Begin PBXProject section */
		7BEF6D07290A7ADD00EEB2D1 /* Project object */ = {
			isa = PBXProject;
			attributes = {
				BuildIndependentTargetsInParallel = 1;
				LastSwiftUpdateCheck = 1400;
				LastUpgradeCheck = 1400;
				TargetAttributes = {
					7BEF6D0E290A7ADD00EEB2D1 = {
						CreatedOnToolsVersion = 14.0.1;
						LastSwiftMigration = 1400;
					};
				};
			};
			buildConfigurationList = 7BEF6D0A290A7ADD00EEB2D1 /* Build configuration list for PBXProject "SnowSeeker" */;
			compatibilityVersion = "Xcode 14.0";
			developmentRegion = en;
			hasScannedForEncodings = 0;
			knownRegions = (
				en,
				Base,
			);
			mainGroup = 7BEF6D06290A7ADD00EEB2D1;
			productRefGroup = 7BEF6D10290A7ADD00EEB2D1 /* Products */;
			projectDirPath = "";
			projectRoot = "";
			targets = (
				7BEF6D0E290A7ADD00EEB2D1 /* SnowSeeker */,
			);
		};
/* End PBXProject section */

/* Begin PBXResourcesBuildPhase section */
		7BEF6D0D290A7ADD00EEB2D1 /* Resources */ = {
			isa = PBXResourcesBuildPhase;
			buildActionMask = 2147483647;
			files = (
				7BEF6D2E290A7BE100EEB2D1 /* resorts.json in Resources */,
				7BEF6D21290A7B2D00EEB2D1 /* Assets.xcassets in Resources */,
				7BEF6D1A290A7AE500EEB2D1 /* Preview Assets.xcassets in Resources */,
			);
			runOnlyForDeploymentPostprocessing = 0;
		};
/* End PBXResourcesBuildPhase section */

/* Begin PBXSourcesBuildPhase section */
		7BEF6D0B290A7ADD00EEB2D1 /* Sources */ = {
			isa = PBXSourcesBuildPhase;
			buildActionMask = 2147483647;
			files = (
				7BEF6D2F290A7BE100EEB2D1 /* Resort.swift in Sources */,
				7BEF6D33290A7BE100EEB2D1 /* WelcomeView.swift in Sources */,
				7BB056A5290FBFFD00162AF7 /* Facility.swift in Sources */,
				7BEF6D34290A7BE100EEB2D1 /* ContentView.swift in Sources */,
				7BEF6D2D290A7BE100EEB2D1 /* SnowSeekerApp.swift in Sources */,
				7BB056A7290FCDC500162AF7 /* Favorites.swift in Sources */,
				7BEF6D32290A7BE100EEB2D1 /* ResortView.swift in Sources */,
				7BEF6D30290A7BE100EEB2D1 /* View.swift in Sources */,
				7BEF6D38290A801F00EEB2D1 /* ResortDetailsView.swift in Sources */,
				7BEF6D31290A7BE100EEB2D1 /* Bundle-Decodable.swift in Sources */,
				7BEF6D36290A7F3F00EEB2D1 /* SkiDetailsView.swift in Sources */,
			);
			runOnlyForDeploymentPostprocessing = 0;
		};
/* End PBXSourcesBuildPhase section */

/* Begin XCBuildConfiguration section */
		7BEF6D1B290A7AE500EEB2D1 /* Debug */ = {
			isa = XCBuildConfiguration;
			buildSettings = {
				ALWAYS_SEARCH_USER_PATHS = NO;
				CLANG_ANALYZER_NONNULL = YES;
				CLANG_ANALYZER_NUMBER_OBJECT_CONVERSION = YES_AGGRESSIVE;
				CLANG_CXX_LANGUAGE_STANDARD = "gnu++20";
				CLANG_ENABLE_MODULES = YES;
				CLANG_ENABLE_OBJC_ARC = YES;
				CLANG_ENABLE_OBJC_WEAK = YES;
				CLANG_WARN_BLOCK_CAPTURE_AUTORELEASING = YES;
				CLANG_WARN_BOOL_CONVERSION = YES;
				CLANG_WARN_COMMA = YES;
				CLANG_WARN_CONSTANT_CONVERSION = YES;
				CLANG_WARN_DEPRECATED_OBJC_IMPLEMENTATIONS = YES;
				CLANG_WARN_DIRECT_OBJC_ISA_USAGE = YES_ERROR;
				CLANG_WARN_DOCUMENTATION_COMMENTS = YES;
				CLANG_WARN_EMPTY_BODY = YES;
				CLANG_WARN_ENUM_CONVERSION = YES;
				CLANG_WARN_INFINITE_RECURSION = YES;
				CLANG_WARN_INT_CONVERSION = YES;
				CLANG_WARN_NON_LITERAL_NULL_CONVERSION = YES;
				CLANG_WARN_OBJC_IMPLICIT_RETAIN_SELF = YES;
				CLANG_WARN_OBJC_LITERAL_CONVERSION = YES;
				CLANG_WARN_OBJC_ROOT_CLASS = YES_ERROR;
				CLANG_WARN_QUOTED_INCLUDE_IN_FRAMEWORK_HEADER = YES;
				CLANG_WARN_RANGE_LOOP_ANALYSIS = YES;
				CLANG_WARN_STRICT_PROTOTYPES = YES;
				CLANG_WARN_SUSPICIOUS_MOVE = YES;
				CLANG_WARN_UNGUARDED_AVAILABILITY = YES_AGGRESSIVE;
				CLANG_WARN_UNREACHABLE_CODE = YES;
				CLANG_WARN__DUPLICATE_METHOD_MATCH = YES;
				COPY_PHASE_STRIP = NO;
				DEBUG_INFORMATION_FORMAT = dwarf;
				ENABLE_STRICT_OBJC_MSGSEND = YES;
				ENABLE_TESTABILITY = YES;
				GCC_C_LANGUAGE_STANDARD = gnu11;
				GCC_DYNAMIC_NO_PIC = NO;
				GCC_NO_COMMON_BLOCKS = YES;
				GCC_OPTIMIZATION_LEVEL = 0;
				GCC_PREPROCESSOR_DEFINITIONS = (
					"DEBUG=1",
					"$(inherited)",
				);
				GCC_WARN_64_TO_32_BIT_CONVERSION = YES;
				GCC_WARN_ABOUT_RETURN_TYPE = YES_ERROR;
				GCC_WARN_UNDECLARED_SELECTOR = YES;
				GCC_WARN_UNINITIALIZED_AUTOS = YES_AGGRESSIVE;
				GCC_WARN_UNUSED_FUNCTION = YES;
				GCC_WARN_UNUSED_VARIABLE = YES;
				IPHONEOS_DEPLOYMENT_TARGET = 16.0;
				MTL_ENABLE_DEBUG_INFO = INCLUDE_SOURCE;
				MTL_FAST_MATH = YES;
				ONLY_ACTIVE_ARCH = YES;
				SDKROOT = iphoneos;
				SWIFT_ACTIVE_COMPILATION_CONDITIONS = DEBUG;
				SWIFT_OPTIMIZATION_LEVEL = "-Onone";
			};
			name = Debug;
		};
		7BEF6D1C290A7AE500EEB2D1 /* Release */ = {
			isa = XCBuildConfiguration;
			buildSettings = {
				ALWAYS_SEARCH_USER_PATHS = NO;
				CLANG_ANALYZER_NONNULL = YES;
				CLANG_ANALYZER_NUMBER_OBJECT_CONVERSION = YES_AGGRESSIVE;
				CLANG_CXX_LANGUAGE_STANDARD = "gnu++20";
				CLANG_ENABLE_MODULES = YES;
				CLANG_ENABLE_OBJC_ARC = YES;
				CLANG_ENABLE_OBJC_WEAK = YES;
				CLANG_WARN_BLOCK_CAPTURE_AUTORELEASING = YES;
				CLANG_WARN_BOOL_CONVERSION = YES;
				CLANG_WARN_COMMA = YES;
				CLANG_WARN_CONSTANT_CONVERSION = YES;
				CLANG_WARN_DEPRECATED_OBJC_IMPLEMENTATIONS = YES;
				CLANG_WARN_DIRECT_OBJC_ISA_USAGE = YES_ERROR;
				CLANG_WARN_DOCUMENTATION_COMMENTS = YES;
				CLANG_WARN_EMPTY_BODY = YES;
				CLANG_WARN_ENUM_CONVERSION = YES;
				CLANG_WARN_INFINITE_RECURSION = YES;
				CLANG_WARN_INT_CONVERSION = YES;
				CLANG_WARN_NON_LITERAL_NULL_CONVERSION = YES;
				CLANG_WARN_OBJC_IMPLICIT_RETAIN_SELF = YES;
				CLANG_WARN_OBJC_LITERAL_CONVERSION = YES;
				CLANG_WARN_OBJC_ROOT_CLASS = YES_ERROR;
				CLANG_WARN_QUOTED_INCLUDE_IN_FRAMEWORK_HEADER = YES;
				CLANG_WARN_RANGE_LOOP_ANALYSIS = YES;
				CLANG_WARN_STRICT_PROTOTYPES = YES;
				CLANG_WARN_SUSPICIOUS_MOVE = YES;
				CLANG_WARN_UNGUARDED_AVAILABILITY = YES_AGGRESSIVE;
				CLANG_WARN_UNREACHABLE_CODE = YES;
				CLANG_WARN__DUPLICATE_METHOD_MATCH = YES;
				COPY_PHASE_STRIP = NO;
				DEBUG_INFORMATION_FORMAT = "dwarf-with-dsym";
				ENABLE_NS_ASSERTIONS = NO;
				ENABLE_STRICT_OBJC_MSGSEND = YES;
				GCC_C_LANGUAGE_STANDARD = gnu11;
				GCC_NO_COMMON_BLOCKS = YES;
				GCC_WARN_64_TO_32_BIT_CONVERSION = YES;
				GCC_WARN_ABOUT_RETURN_TYPE = YES_ERROR;
				GCC_WARN_UNDECLARED_SELECTOR = YES;
				GCC_WARN_UNINITIALIZED_AUTOS = YES_AGGRESSIVE;
				GCC_WARN_UNUSED_FUNCTION = YES;
				GCC_WARN_UNUSED_VARIABLE = YES;
				IPHONEOS_DEPLOYMENT_TARGET = 16.0;
				MTL_ENABLE_DEBUG_INFO = NO;
				MTL_FAST_MATH = YES;
				SDKROOT = iphoneos;
				SWIFT_COMPILATION_MODE = wholemodule;
				SWIFT_OPTIMIZATION_LEVEL = "-O";
				VALIDATE_PRODUCT = YES;
			};
			name = Release;
		};
		7BEF6D1E290A7AE500EEB2D1 /* Debug */ = {
			isa = XCBuildConfiguration;
			buildSettings = {
				ASSETCATALOG_COMPILER_APPICON_NAME = AppIcon;
				ASSETCATALOG_COMPILER_GLOBAL_ACCENT_COLOR_NAME = AccentColor;
				CLANG_ENABLE_MODULES = YES;
				CODE_SIGN_STYLE = Automatic;
				CURRENT_PROJECT_VERSION = 1;
				DEVELOPMENT_ASSET_PATHS = "\"SnowSeeker/Preview Content\"";
				DEVELOPMENT_TEAM = 2F5N2ZP6G6;
				ENABLE_PREVIEWS = YES;
				GENERATE_INFOPLIST_FILE = YES;
				INFOPLIST_KEY_UIApplicationSceneManifest_Generation = YES;
				INFOPLIST_KEY_UIApplicationSupportsIndirectInputEvents = YES;
				INFOPLIST_KEY_UILaunchScreen_Generation = YES;
				INFOPLIST_KEY_UISupportedInterfaceOrientations_iPad = "UIInterfaceOrientationPortrait UIInterfaceOrientationPortraitUpsideDown UIInterfaceOrientationLandscapeLeft UIInterfaceOrientationLandscapeRight";
				INFOPLIST_KEY_UISupportedInterfaceOrientations_iPhone = "UIInterfaceOrientationPortrait UIInterfaceOrientationLandscapeLeft UIInterfaceOrientationLandscapeRight";
				IPHONEOS_DEPLOYMENT_TARGET = 15.0;
				LD_RUNPATH_SEARCH_PATHS = (
					"$(inherited)",
					"@executable_path/Frameworks",
				);
				MARKETING_VERSION = 1.0;
				PRODUCT_BUNDLE_IDENTIFIER = com.paulandri.SnowSeeker;
				PRODUCT_NAME = "$(TARGET_NAME)";
				SWIFT_EMIT_LOC_STRINGS = YES;
				SWIFT_OPTIMIZATION_LEVEL = "-Onone";
				SWIFT_VERSION = 5.0;
				TARGETED_DEVICE_FAMILY = "1,2";
			};
			name = Debug;
		};
		7BEF6D1F290A7AE500EEB2D1 /* Release */ = {
			isa = XCBuildConfiguration;
			buildSettings = {
				ASSETCATALOG_COMPILER_APPICON_NAME = AppIcon;
				ASSETCATALOG_COMPILER_GLOBAL_ACCENT_COLOR_NAME = AccentColor;
				CLANG_ENABLE_MODULES = YES;
				CODE_SIGN_STYLE = Automatic;
				CURRENT_PROJECT_VERSION = 1;
				DEVELOPMENT_ASSET_PATHS = "\"SnowSeeker/Preview Content\"";
				DEVELOPMENT_TEAM = 2F5N2ZP6G6;
				ENABLE_PREVIEWS = YES;
				GENERATE_INFOPLIST_FILE = YES;
				INFOPLIST_KEY_UIApplicationSceneManifest_Generation = YES;
				INFOPLIST_KEY_UIApplicationSupportsIndirectInputEvents = YES;
				INFOPLIST_KEY_UILaunchScreen_Generation = YES;
				INFOPLIST_KEY_UISupportedInterfaceOrientations_iPad = "UIInterfaceOrientationPortrait UIInterfaceOrientationPortraitUpsideDown UIInterfaceOrientationLandscapeLeft UIInterfaceOrientationLandscapeRight";
				INFOPLIST_KEY_UISupportedInterfaceOrientations_iPhone = "UIInterfaceOrientationPortrait UIInterfaceOrientationLandscapeLeft UIInterfaceOrientationLandscapeRight";
				IPHONEOS_DEPLOYMENT_TARGET = 15.0;
				LD_RUNPATH_SEARCH_PATHS = (
					"$(inherited)",
					"@executable_path/Frameworks",
				);
				MARKETING_VERSION = 1.0;
				PRODUCT_BUNDLE_IDENTIFIER = com.paulandri.SnowSeeker;
				PRODUCT_NAME = "$(TARGET_NAME)";
				SWIFT_EMIT_LOC_STRINGS = YES;
				SWIFT_VERSION = 5.0;
				TARGETED_DEVICE_FAMILY = "1,2";
			};
			name = Release;
		};
/* End XCBuildConfiguration section */

/* Begin XCConfigurationList section */
		7BEF6D0A290A7ADD00EEB2D1 /* Build configuration list for PBXProject "SnowSeeker" */ = {
			isa = XCConfigurationList;
			buildConfigurations = (
				7BEF6D1B290A7AE500EEB2D1 /* Debug */,
				7BEF6D1C290A7AE500EEB2D1 /* Release */,
			);
			defaultConfigurationIsVisible = 0;
			defaultConfigurationName = Release;
		};
		7BEF6D1D290A7AE500EEB2D1 /* Build configuration list for PBXNativeTarget "SnowSeeker" */ = {
			isa = XCConfigurationList;
			buildConfigurations = (
				7BEF6D1E290A7AE500EEB2D1 /* Debug */,
				7BEF6D1F290A7AE500EEB2D1 /* Release */,
			);
			defaultConfigurationIsVisible = 0;
			defaultConfigurationName = Release;
		};
/* End XCConfigurationList section */
	};
	rootObject = 7BEF6D07290A7ADD00EEB2D1 /* Project object */;
}
